
Microsoft Visual Studio Solution File, Format Version 12.00
# Visual Studio Version 17
VisualStudioVersion = 17.13.35818.85
MinimumVisualStudioVersion = 10.0.40219.1
Project("{FAE04EC0-301F-11D3-BF4B-00C04F79EFBC}") = "KayeAndFinds.Api", "KayeAndFinds.Api\KayeAndFinds.Api.csproj", "{82ED17B9-C772-410B-A3F2-3DED0A4EE306}"
EndProject
Project("{FAE04EC0-301F-11D3-BF4B-00C04F79EFBC}") = "KayeAndFinds.Application", "KayeAndFinds.Application\KayeAndFinds.Application.csproj", "{FBFA5E36-11E5-43ED-8327-77FF59EF983A}"
EndProject
Project("{FAE04EC0-301F-11D3-BF4B-00C04F79EFBC}") = "KayeAndFinds.Domain", "KayeAndFinds.Domain\KayeAndFinds.Domain.csproj", "{26174467-7D53-4594-A745-BD9C87BC9A97}"
EndProject
Project("{FAE04EC0-301F-11D3-BF4B-00C04F79EFBC}") = "KayeAndFinds.Infrastructure", "KayeAndFinds.Infrastructure\KayeAndFinds.Infrastructure.csproj", "{4428C4A0-8054-4DB2-ADF6-C4A1F9B56D27}"
EndProject
Project("{FAE04EC0-301F-11D3-BF4B-00C04F79EFBC}") = "KayeAndFinds.Common", "KayeAndFinds.Common\KayeAndFinds.Common.csproj", "{C88569E1-A56C-4B00-B9B4-B9EB5FD3373A}"
EndProject
Global
	GlobalSection(SolutionConfigurationPlatforms) = preSolution
		Debug|Any CPU = Debug|Any CPU
		Release|Any CPU = Release|Any CPU
	EndGlobalSection
	GlobalSection(ProjectConfigurationPlatforms) = postSolution
		{82ED17B9-C772-410B-A3F2-3DED0A4EE306}.Debug|Any CPU.ActiveCfg = Debug|Any CPU
		{82ED17B9-C772-410B-A3F2-3DED0A4EE306}.Debug|Any CPU.Build.0 = Debug|Any CPU
		{82ED17B9-C772-410B-A3F2-3DED0A4EE306}.Release|Any CPU.ActiveCfg = Release|Any CPU
		{82ED17B9-C772-410B-A3F2-3DED0A4EE306}.Release|Any CPU.Build.0 = Release|Any CPU
		{FBFA5E36-11E5-43ED-8327-77FF59EF983A}.Debug|Any CPU.ActiveCfg = Debug|Any CPU
		{FBFA5E36-11E5-43ED-8327-77FF59EF983A}.Debug|Any CPU.Build.0 = Debug|Any CPU
		{FBFA5E36-11E5-43ED-8327-77FF59EF983A}.Release|Any CPU.ActiveCfg = Release|Any CPU
		{FBFA5E36-11E5-43ED-8327-77FF59EF983A}.Release|Any CPU.Build.0 = Release|Any CPU
		{26174467-7D53-4594-A745-BD9C87BC9A97}.Debug|Any CPU.ActiveCfg = Debug|Any CPU
		{26174467-7D53-4594-A745-BD9C87BC9A97}.Debug|Any CPU.Build.0 = Debug|Any CPU
		{26174467-7D53-4594-A745-BD9C87BC9A97}.Release|Any CPU.ActiveCfg = Release|Any CPU
		{26174467-7D53-4594-A745-BD9C87BC9A97}.Release|Any CPU.Build.0 = Release|Any CPU
		{4428C4A0-8054-4DB2-ADF6-C4A1F9B56D27}.Debug|Any CPU.ActiveCfg = Debug|Any CPU
		{4428C4A0-8054-4DB2-ADF6-C4A1F9B56D27}.Debug|Any CPU.Build.0 = Debug|Any CPU
		{4428C4A0-8054-4DB2-ADF6-C4A1F9B56D27}.Release|Any CPU.ActiveCfg = Release|Any CPU
		{4428C4A0-8054-4DB2-ADF6-C4A1F9B56D27}.Release|Any CPU.Build.0 = Release|Any CPU
		{C88569E1-A56C-4B00-B9B4-B9EB5FD3373A}.Debug|Any CPU.ActiveCfg = Debug|Any CPU
		{C88569E1-A56C-4B00-B9B4-B9EB5FD3373A}.Debug|Any CPU.Build.0 = Debug|Any CPU
		{C88569E1-A56C-4B00-B9B4-B9EB5FD3373A}.Release|Any CPU.ActiveCfg = Release|Any CPU
		{C88569E1-A56C-4B00-B9B4-B9EB5FD3373A}.Release|Any CPU.Build.0 = Release|Any CPU
	EndGlobalSection
	GlobalSection(SolutionProperties) = preSolution
		HideSolutionNode = FALSE
	EndGlobalSection
	GlobalSection(ExtensibilityGlobals) = postSolution
		SolutionGuid = {F9F49F95-A294-46E1-86C4-FD1CCE4A43AF}
	EndGlobalSection
EndGlobal
